
Microsoft Visual Studio Solution File, Format Version 12.00
Project("{FAE04EC0-301F-11D3-BF4B-00C04F79EFBC}") = "Serialisation_object_Json", "Serialisation_object_Json.csproj", "{61C82B3D-7229-4590-B6D5-88030EA1F235}"
EndProject
Global
	GlobalSection(SolutionConfigurationPlatforms) = preSolution
		Debug|Any CPU = Debug|Any CPU
		Release|Any CPU = Release|Any CPU
	EndGlobalSection
	GlobalSection(ProjectConfigurationPlatforms) = postSolution
		{61C82B3D-7229-4590-B6D5-88030EA1F235}.Debug|Any CPU.ActiveCfg = Debug|Any CPU
		{61C82B3D-7229-4590-B6D5-88030EA1F235}.Debug|Any CPU.Build.0 = Debug|Any CPU
		{61C82B3D-7229-4590-B6D5-88030EA1F235}.Release|Any CPU.ActiveCfg = Release|Any CPU
		{61C82B3D-7229-4590-B6D5-88030EA1F235}.Release|Any CPU.Build.0 = Release|Any CPU
	EndGlobalSection
EndGlobal
