
Microsoft Visual Studio Solution File, Format Version 12.00
Project("{FAE04EC0-301F-11D3-BF4B-00C04F79EFBC}") = "ExcerciceNombreRandom", "ExcerciceNombreRandom.csproj", "{D3112551-DDF7-4FF8-8920-3CE095FD9420}"
EndProject
Global
	GlobalSection(SolutionConfigurationPlatforms) = preSolution
		Debug|Any CPU = Debug|Any CPU
		Release|Any CPU = Release|Any CPU
	EndGlobalSection
	GlobalSection(ProjectConfigurationPlatforms) = postSolution
		{D3112551-DDF7-4FF8-8920-3CE095FD9420}.Debug|Any CPU.ActiveCfg = Debug|Any CPU
		{D3112551-DDF7-4FF8-8920-3CE095FD9420}.Debug|Any CPU.Build.0 = Debug|Any CPU
		{D3112551-DDF7-4FF8-8920-3CE095FD9420}.Release|Any CPU.ActiveCfg = Release|Any CPU
		{D3112551-DDF7-4FF8-8920-3CE095FD9420}.Release|Any CPU.Build.0 = Release|Any CPU
	EndGlobalSection
EndGlobal
